
Microsoft Visual Studio Solution File, Format Version 12.00
# Visual Studio Version 16
VisualStudioVersion = 16.0.31515.178
MinimumVisualStudioVersion = 10.0.40219.1
Project("{FAE04EC0-301F-11D3-BF4B-00C04F79EFBC}") = "Typing-Test", "Typing-Test\Typing-Test.csproj", "{87C21009-48B4-49BF-A3CB-BC269814D451}"
EndProject
Global
	GlobalSection(SolutionConfigurationPlatforms) = preSolution
		Debug|Any CPU = Debug|Any CPU
		Release|Any CPU = Release|Any CPU
	EndGlobalSection
	GlobalSection(ProjectConfigurationPlatforms) = postSolution
		{87C21009-48B4-49BF-A3CB-BC269814D451}.Debug|Any CPU.ActiveCfg = Debug|Any CPU
		{87C21009-48B4-49BF-A3CB-BC269814D451}.Debug|Any CPU.Build.0 = Debug|Any CPU
		{87C21009-48B4-49BF-A3CB-BC269814D451}.Release|Any CPU.ActiveCfg = Release|Any CPU
		{87C21009-48B4-49BF-A3CB-BC269814D451}.Release|Any CPU.Build.0 = Release|Any CPU
	EndGlobalSection
	GlobalSection(SolutionProperties) = preSolution
		HideSolutionNode = FALSE
	EndGlobalSection
	GlobalSection(ExtensibilityGlobals) = postSolution
		SolutionGuid = {32200A57-9C12-487D-8E33-A82F5D818075}
	EndGlobalSection
EndGlobal
